<?xml version="1.0" encoding="utf-8"?>
<Project ToolsVersion="4.0" xmlns="http://schemas.microsoft.com/developer/msbuild/2003">
  <ItemGroup>
    <Filter Include="Base">
      <UniqueIdentifier>{d2d9117c-aa60-45d1-9d9f-c801746fbb39}</UniqueIdentifier>
    </Filter>
    <Filter Include="GameCommon">
      <UniqueIdentifier>{6a50e4f5-802c-4d73-990b-bee6e90df125}</UniqueIdentifier>
    </Filter>
    <Filter Include="Logic">
      <UniqueIdentifier>{fb36bfba-dab4-4563-a4e9-ea1f6199fdbc}</UniqueIdentifier>
    </Filter>
    <Filter Include="Proto">
      <UniqueIdentifier>{c3a533e2-035b-4d33-bdce-a5cf98199bc0}</UniqueIdentifier>
    </Filter>
  </ItemGroup>
  <ItemGroup>
    <ClCompile Include="..\src\base\TimeTick.cpp">
      <Filter>Base</Filter>
    </ClCompile>
    <ClCompile Include="..\src\base\XmlManager.cpp">
      <Filter>Base</Filter>
    </ClCompile>
    <ClCompile Include="..\src\base\ManagerModule.cpp">
      <Filter>Base</Filter>
    </ClCompile>
    <ClCompile Include="..\src\base\ManagerModuleManager.cpp">
      <Filter>Base</Filter>
    </ClCompile>
    <ClCompile Include="..\src\base\NetProxy.cpp">
      <Filter>Base</Filter>
    </ClCompile>
    <ClCompile Include="..\src\superserver\main.cpp" />
    <ClCompile Include="..\common\command\MPDefine.pb.cc">
      <Filter>Proto</Filter>
    </ClCompile>
    <ClCompile Include="..\common\command\MPMsgBase.pb.cc">
      <Filter>Proto</Filter>
    </ClCompile>
  </ItemGroup>
  <ItemGroup>
    <ClInclude Include="..\src\base\TimeTick.h">
      <Filter>Base</Filter>
    </ClInclude>
    <ClInclude Include="..\src\base\XmlManager.h">
      <Filter>Base</Filter>
    </ClInclude>
    <ClInclude Include="..\src\base\CommDef.h">
      <Filter>Base</Filter>
    </ClInclude>
    <ClInclude Include="..\src\base\ManagerModule.h">
      <Filter>Base</Filter>
    </ClInclude>
    <ClInclude Include="..\src\base\ManagerModuleManager.h">
      <Filter>Base</Filter>
    </ClInclude>
    <ClInclude Include="..\src\base\NetProxy.h">
      <Filter>Base</Filter>
    </ClInclude>
    <ClInclude Include="..\common\command\MPDefine.pb.h">
      <Filter>Proto</Filter>
    </ClInclude>
    <ClInclude Include="..\common\command\MPMsgBase.pb.h">
      <Filter>Proto</Filter>
    </ClInclude>
  </ItemGroup>
  <ItemGroup>
    <None Include="..\common\command\MPDefine.proto">
      <Filter>Proto</Filter>
    </None>
    <None Include="..\common\command\MPMsgBase.proto">
      <Filter>Proto</Filter>
    </None>
  </ItemGroup>
</Project>